
Microsoft Visual Studio Solution File, Format Version 12.00
# Visual Studio 14
VisualStudioVersion = 14.0.25420.1
MinimumVisualStudioVersion = 10.0.40219.1
Project("{FAE04EC0-301F-11D3-BF4B-00C04F79EFBC}") = "ATMSimulator", "ATMSimulator\ATMSimulator.csproj", "{D818CDED-B6BE-4DF8-993D-82B31092BBC2}"
EndProject
Global
	GlobalSection(SolutionConfigurationPlatforms) = preSolution
		Debug|Any CPU = Debug|Any CPU
		Release|Any CPU = Release|Any CPU
	EndGlobalSection
	GlobalSection(ProjectConfigurationPlatforms) = postSolution
		{D818CDED-B6BE-4DF8-993D-82B31092BBC2}.Debug|Any CPU.ActiveCfg = Debug|Any CPU
		{D818CDED-B6BE-4DF8-993D-82B31092BBC2}.Debug|Any CPU.Build.0 = Debug|Any CPU
		{D818CDED-B6BE-4DF8-993D-82B31092BBC2}.Release|Any CPU.ActiveCfg = Release|Any CPU
		{D818CDED-B6BE-4DF8-993D-82B31092BBC2}.Release|Any CPU.Build.0 = Release|Any CPU
	EndGlobalSection
	GlobalSection(SolutionProperties) = preSolution
		HideSolutionNode = FALSE
	EndGlobalSection
EndGlobal
